
Microsoft Visual Studio Solution File, Format Version 12.00
# Visual Studio Version 17
VisualStudioVersion = 17.13.35931.197 d17.13
MinimumVisualStudioVersion = 10.0.40219.1
Project("{FAE04EC0-301F-11D3-BF4B-00C04F79EFBC}") = "CapYap", "CapYap\CapYap.csproj", "{F2C61DA6-D55F-470D-A174-2F11193E708E}"
EndProject
Global
	GlobalSection(SolutionConfigurationPlatforms) = preSolution
		Debug|Any CPU = Debug|Any CPU
		Release|Any CPU = Release|Any CPU
	EndGlobalSection
	GlobalSection(ProjectConfigurationPlatforms) = postSolution
		{F2C61DA6-D55F-470D-A174-2F11193E708E}.Debug|Any CPU.ActiveCfg = Debug|Any CPU
		{F2C61DA6-D55F-470D-A174-2F11193E708E}.Debug|Any CPU.Build.0 = Debug|Any CPU
		{F2C61DA6-D55F-470D-A174-2F11193E708E}.Release|Any CPU.ActiveCfg = Release|Any CPU
		{F2C61DA6-D55F-470D-A174-2F11193E708E}.Release|Any CPU.Build.0 = Release|Any CPU
	EndGlobalSection
	GlobalSection(SolutionProperties) = preSolution
		HideSolutionNode = FALSE
	EndGlobalSection
	GlobalSection(ExtensibilityGlobals) = postSolution
		SolutionGuid = {B30DFDE1-670F-43E9-81D3-D87B6F9A81EC}
	EndGlobalSection
EndGlobal
