
Microsoft Visual Studio Solution File, Format Version 12.00
# Visual Studio Version 17
VisualStudioVersion = 17.13.35931.197
MinimumVisualStudioVersion = 10.0.40219.1
Project("{FAE04EC0-301F-11D3-BF4B-00C04F79EFBC}") = "CapYap", "CapYap\CapYap.csproj", "{A9D12E9B-7557-411C-95BC-E0215212805B}"
EndProject
Project("{FAE04EC0-301F-11D3-BF4B-00C04F79EFBC}") = "CapYap.API", "CapYap.API\CapYap.API.csproj", "{86196D85-5436-4180-961E-0251265EA839}"
EndProject
Project("{FAE04EC0-301F-11D3-BF4B-00C04F79EFBC}") = "CapYap.ScreenCapture.Windows", "CapYap.ScreenCapture\CapYap.ScreenCapture.Windows.csproj", "{6D9CB6DB-2ACB-444B-8F01-95ACE86B84EC}"
EndProject
Project("{FAE04EC0-301F-11D3-BF4B-00C04F79EFBC}") = "CapYap.HotKeys.Windows", "CapYap.HotKeys\CapYap.HotKeys.Windows.csproj", "{5AB4EFE8-2F99-4F6D-86C3-5568D5F5F29D}"
EndProject
Project("{FAE04EC0-301F-11D3-BF4B-00C04F79EFBC}") = "CapYap.Toast", "CapYap.Toast\CapYap.Toast.csproj", "{CAAFC8C8-1636-4551-B3C2-E9F29E519372}"
EndProject
Project("{FAE04EC0-301F-11D3-BF4B-00C04F79EFBC}") = "CapYap.Utils", "CapYap.Utils\CapYap.Utils.csproj", "{9663F3FF-EF67-46AE-9891-C05AA792467B}"
EndProject
Project("{FAE04EC0-301F-11D3-BF4B-00C04F79EFBC}") = "CapYap.Utils.Windows", "CapYap.Utils.Windows\CapYap.Utils.Windows.csproj", "{9CE94DB6-BD70-4578-BFAB-ADD2F877156E}"
EndProject
Global
	GlobalSection(SolutionConfigurationPlatforms) = preSolution
		Debug|Any CPU = Debug|Any CPU
		Release|Any CPU = Release|Any CPU
	EndGlobalSection
	GlobalSection(ProjectConfigurationPlatforms) = postSolution
		{A9D12E9B-7557-411C-95BC-E0215212805B}.Debug|Any CPU.ActiveCfg = Debug|Any CPU
		{A9D12E9B-7557-411C-95BC-E0215212805B}.Debug|Any CPU.Build.0 = Debug|Any CPU
		{A9D12E9B-7557-411C-95BC-E0215212805B}.Release|Any CPU.ActiveCfg = Release|Any CPU
		{A9D12E9B-7557-411C-95BC-E0215212805B}.Release|Any CPU.Build.0 = Release|Any CPU
		{86196D85-5436-4180-961E-0251265EA839}.Debug|Any CPU.ActiveCfg = Debug|Any CPU
		{86196D85-5436-4180-961E-0251265EA839}.Debug|Any CPU.Build.0 = Debug|Any CPU
		{86196D85-5436-4180-961E-0251265EA839}.Release|Any CPU.ActiveCfg = Release|Any CPU
		{86196D85-5436-4180-961E-0251265EA839}.Release|Any CPU.Build.0 = Release|Any CPU
		{6D9CB6DB-2ACB-444B-8F01-95ACE86B84EC}.Debug|Any CPU.ActiveCfg = Debug|Any CPU
		{6D9CB6DB-2ACB-444B-8F01-95ACE86B84EC}.Debug|Any CPU.Build.0 = Debug|Any CPU
		{6D9CB6DB-2ACB-444B-8F01-95ACE86B84EC}.Release|Any CPU.ActiveCfg = Release|Any CPU
		{6D9CB6DB-2ACB-444B-8F01-95ACE86B84EC}.Release|Any CPU.Build.0 = Release|Any CPU
		{5AB4EFE8-2F99-4F6D-86C3-5568D5F5F29D}.Debug|Any CPU.ActiveCfg = Debug|Any CPU
		{5AB4EFE8-2F99-4F6D-86C3-5568D5F5F29D}.Debug|Any CPU.Build.0 = Debug|Any CPU
		{5AB4EFE8-2F99-4F6D-86C3-5568D5F5F29D}.Release|Any CPU.ActiveCfg = Release|Any CPU
		{5AB4EFE8-2F99-4F6D-86C3-5568D5F5F29D}.Release|Any CPU.Build.0 = Release|Any CPU
		{CAAFC8C8-1636-4551-B3C2-E9F29E519372}.Debug|Any CPU.ActiveCfg = Debug|Any CPU
		{CAAFC8C8-1636-4551-B3C2-E9F29E519372}.Debug|Any CPU.Build.0 = Debug|Any CPU
		{CAAFC8C8-1636-4551-B3C2-E9F29E519372}.Release|Any CPU.ActiveCfg = Release|Any CPU
		{CAAFC8C8-1636-4551-B3C2-E9F29E519372}.Release|Any CPU.Build.0 = Release|Any CPU
		{9663F3FF-EF67-46AE-9891-C05AA792467B}.Debug|Any CPU.ActiveCfg = Debug|Any CPU
		{9663F3FF-EF67-46AE-9891-C05AA792467B}.Debug|Any CPU.Build.0 = Debug|Any CPU
		{9663F3FF-EF67-46AE-9891-C05AA792467B}.Release|Any CPU.ActiveCfg = Release|Any CPU
		{9663F3FF-EF67-46AE-9891-C05AA792467B}.Release|Any CPU.Build.0 = Release|Any CPU
		{9CE94DB6-BD70-4578-BFAB-ADD2F877156E}.Debug|Any CPU.ActiveCfg = Debug|Any CPU
		{9CE94DB6-BD70-4578-BFAB-ADD2F877156E}.Debug|Any CPU.Build.0 = Debug|Any CPU
		{9CE94DB6-BD70-4578-BFAB-ADD2F877156E}.Release|Any CPU.ActiveCfg = Release|Any CPU
		{9CE94DB6-BD70-4578-BFAB-ADD2F877156E}.Release|Any CPU.Build.0 = Release|Any CPU
	EndGlobalSection
	GlobalSection(SolutionProperties) = preSolution
		HideSolutionNode = FALSE
	EndGlobalSection
	GlobalSection(ExtensibilityGlobals) = postSolution
		SolutionGuid = {029A77B8-25C5-450A-BD87-8DEF0D59B0E6}
	EndGlobalSection
EndGlobal
